
Microsoft Visual Studio Solution File, Format Version 12.00
# Visual Studio Version 17
VisualStudioVersion = 17.9.34622.214
MinimumVisualStudioVersion = 10.0.40219.1
Project("{FAE04EC0-301F-11D3-BF4B-00C04F79EFBC}") = "CursoCSharp", "CursoCSharp\CursoCSharp.csproj", "{F9025A1E-9E36-401F-BA51-539CD26693F0}"
EndProject
Global
	GlobalSection(SolutionConfigurationPlatforms) = preSolution
		Debug|Any CPU = Debug|Any CPU
		Release|Any CPU = Release|Any CPU
	EndGlobalSection
	GlobalSection(ProjectConfigurationPlatforms) = postSolution
		{F9025A1E-9E36-401F-BA51-539CD26693F0}.Debug|Any CPU.ActiveCfg = Debug|Any CPU
		{F9025A1E-9E36-401F-BA51-539CD26693F0}.Debug|Any CPU.Build.0 = Debug|Any CPU
		{F9025A1E-9E36-401F-BA51-539CD26693F0}.Release|Any CPU.ActiveCfg = Release|Any CPU
		{F9025A1E-9E36-401F-BA51-539CD26693F0}.Release|Any CPU.Build.0 = Release|Any CPU
	EndGlobalSection
	GlobalSection(SolutionProperties) = preSolution
		HideSolutionNode = FALSE
	EndGlobalSection
	GlobalSection(ExtensibilityGlobals) = postSolution
		SolutionGuid = {931304E0-0D7D-417E-B2B2-5A969EF9C29A}
	EndGlobalSection
EndGlobal
